# THIS IS AN AUTOGENERATED FILE. DO NOT EDIT THIS FILE DIRECTLY.
# yarn lockfile v1


dom7@^3.0.0:
  version "3.0.0"
  resolved "https://registry.npm.taobao.org/dom7/download/dom7-3.0.0.tgz#b861ce5d67a6becd7aaa3ad02942ff14b1240331"
  integrity sha1-uGHOXWemvs16qjrQKUL/FLEkAzE=
  dependencies:
    ssr-window "^3.0.0-alpha.1"

ssr-window@^3.0.0, ssr-window@^3.0.0-alpha.1:
  version "3.0.0"
  resolved "https://registry.npm.taobao.org/ssr-window/download/ssr-window-3.0.0.tgz#fd5b82801638943e0cc704c4691801435af7ac37"
  integrity sha1-/VuCgBY4lD4MxwTEaRgBQ1r3rDc=

swiper@^6.4.8:
  version "6.4.8"
  resolved "https://registry.npm.taobao.org/swiper/download/swiper-6.4.8.tgz#2033b69809ca67cb0851a8542089e43366f653e9"
  integrity sha1-IDO2mAnKZ8sIUahUIInkM2b2U+k=
  dependencies:
    dom7 "^3.0.0"
    ssr-window "^3.0.0"
    tslib "^2.0.0"

tslib@^2.0.0:
  version "2.1.0"
  resolved "https://registry.npm.taobao.org/tslib/download/tslib-2.1.0.tgz?cache=0&sync_timestamp=1609887512458&other_urls=https%3A%2F%2Fregistry.npm.taobao.org%2Ftslib%2Fdownload%2Ftslib-2.1.0.tgz#da60860f1c2ecaa5703ab7d39bc05b6bf988b97a"
  integrity sha1-2mCGDxwuyqVwOrfTm8Bba/mIuXo=
